<?xml version="1.0" encoding="utf-8"?>
<Project ToolsVersion="4.0" xmlns="http://schemas.microsoft.com/developer/msbuild/2003">
  <ItemGroup>
    <Filter Include="Pliki źródłowe">
      <UniqueIdentifier>{4FC737F1-C7A5-4376-A066-2A32D752A2FF}</UniqueIdentifier>
      <Extensions>cpp;c;cc;cxx;def;odl;idl;hpj;bat;asm;asmx</Extensions>
    </Filter>
    <Filter Include="Pliki nagłówkowe">
      <UniqueIdentifier>{93995380-89BD-4b04-88EB-625FBE52EBFB}</UniqueIdentifier>
      <Extensions>h;hh;hpp;hxx;hm;inl;inc;ipp;xsd</Extensions>
    </Filter>
    <Filter Include="Pliki zasobów">
      <UniqueIdentifier>{67DA6AB6-F800-4c08-8B7A-83BB121AAD01}</UniqueIdentifier>
      <Extensions>rc;ico;cur;bmp;dlg;rc2;rct;bin;rgs;gif;jpg;jpeg;jpe;resx;tiff;tif;png;wav;mfcribbon-ms</Extensions>
    </Filter>
    <Filter Include="Pliki źródłowe\namespace">
      <UniqueIdentifier>{1c4fd58a-56dd-41ea-9eae-3df1a2a06295}</UniqueIdentifier>
    </Filter>
    <Filter Include="Pliki źródłowe\data_types">
      <UniqueIdentifier>{db568d1e-cb1c-499a-be60-9aa73a88acdb}</UniqueIdentifier>
    </Filter>
    <Filter Include="Pliki źródłowe\initialization">
      <UniqueIdentifier>{024f1d3a-e19e-45b0-8b0f-f1c5e50be035}</UniqueIdentifier>
    </Filter>
    <Filter Include="Pliki źródłowe\main">
      <UniqueIdentifier>{f797ecb4-9c0c-4cce-8bc5-d1186eec23b9}</UniqueIdentifier>
    </Filter>
    <Filter Include="Pliki źródłowe\other">
      <UniqueIdentifier>{8883dc32-9b87-41d3-9782-66d2227954eb}</UniqueIdentifier>
    </Filter>
    <Filter Include="Pliki źródłowe\structure_union_enum">
      <UniqueIdentifier>{1811ff08-123a-4112-b2f7-e61b78f01072}</UniqueIdentifier>
    </Filter>
    <Filter Include="Pliki źródłowe\loops">
      <UniqueIdentifier>{0c665e78-8daf-4f72-9749-4806a6fb16a6}</UniqueIdentifier>
    </Filter>
    <Filter Include="Pliki źródłowe\string">
      <UniqueIdentifier>{ed467c39-6a78-4299-b31b-3308ce3fbb29}</UniqueIdentifier>
    </Filter>
    <Filter Include="Pliki źródłowe\switch">
      <UniqueIdentifier>{b7540fba-3b7c-4c50-84a3-fd0dabda13c2}</UniqueIdentifier>
    </Filter>
    <Filter Include="Pliki źródłowe\input_output">
      <UniqueIdentifier>{cbb2b973-8029-458f-91e8-a766d39b66c5}</UniqueIdentifier>
    </Filter>
    <Filter Include="Pliki źródłowe\prototypes">
      <UniqueIdentifier>{fe4a8b17-8da9-4e7c-a5e2-c0d074675ad3}</UniqueIdentifier>
    </Filter>
    <Filter Include="Pliki źródłowe\const">
      <UniqueIdentifier>{80551ebe-0fc2-4b8b-b940-b552a4981405}</UniqueIdentifier>
    </Filter>
    <Filter Include="Pliki źródłowe\references">
      <UniqueIdentifier>{f233da9a-28c3-4ab7-ab61-aac3b95a4655}</UniqueIdentifier>
    </Filter>
    <Filter Include="Pliki źródłowe\pointers">
      <UniqueIdentifier>{e1bd0d84-0aee-4356-a0b6-4d0f0e3eb3c5}</UniqueIdentifier>
    </Filter>
    <Filter Include="Pliki źródłowe\storage_classes">
      <UniqueIdentifier>{9402de8c-e80c-4e1e-b25c-3e7559d8bc06}</UniqueIdentifier>
    </Filter>
    <Filter Include="Pliki źródłowe\operators_overloading">
      <UniqueIdentifier>{6278c8ec-83f2-4ff6-854f-7cf7478d103a}</UniqueIdentifier>
    </Filter>
    <Filter Include="Pliki źródłowe\conversion_functions">
      <UniqueIdentifier>{59875d1e-dbfd-44ec-a1b1-7ee1f5d0ffec}</UniqueIdentifier>
    </Filter>
    <Filter Include="Pliki źródłowe\data_types\special_types">
      <UniqueIdentifier>{afba173a-d5c0-4f1a-86b2-ba127249821f}</UniqueIdentifier>
    </Filter>
    <Filter Include="Pliki źródłowe\class">
      <UniqueIdentifier>{cf4365b3-929a-4a93-a53c-0b62b49d948f}</UniqueIdentifier>
    </Filter>
    <Filter Include="Pliki źródłowe\class\constructor">
      <UniqueIdentifier>{8dab17f4-9010-4d7b-95a7-16b5cd72fa42}</UniqueIdentifier>
    </Filter>
    <Filter Include="Pliki źródłowe\friend">
      <UniqueIdentifier>{71d99f64-e8a4-428e-b6e3-95135f94b50b}</UniqueIdentifier>
    </Filter>
    <Filter Include="Pliki źródłowe\class\inheritance">
      <UniqueIdentifier>{f8c33983-c80f-4253-9f75-bdb19b5985bf}</UniqueIdentifier>
    </Filter>
    <Filter Include="Pliki źródłowe\class\abstract_class">
      <UniqueIdentifier>{18148c42-e791-4428-bc51-529165c50bf3}</UniqueIdentifier>
    </Filter>
    <Filter Include="Pliki źródłowe\function_templates">
      <UniqueIdentifier>{59e51f9d-4b2f-43bb-ac77-b97fec428a59}</UniqueIdentifier>
    </Filter>
    <Filter Include="Pliki źródłowe\class_templates">
      <UniqueIdentifier>{58f66d5a-f8d6-4f79-9fa6-e4aa0bf50f2f}</UniqueIdentifier>
    </Filter>
    <Filter Include="Pliki źródłowe\function">
      <UniqueIdentifier>{ce5d640c-6f98-4e9a-b680-ff0298cdcb1b}</UniqueIdentifier>
    </Filter>
    <Filter Include="Pliki źródłowe\typedef_using">
      <UniqueIdentifier>{2859247e-6dbd-46ed-8f73-9bc6921a3c01}</UniqueIdentifier>
    </Filter>
    <Filter Include="Pliki źródłowe\class\nested_class_template">
      <UniqueIdentifier>{a5ab493e-7b3b-4da3-900c-dbbc8c60b81d}</UniqueIdentifier>
    </Filter>
    <Filter Include="Pliki źródłowe\exceptions">
      <UniqueIdentifier>{901e145b-2cf3-4f6a-84cb-b264a419f0da}</UniqueIdentifier>
    </Filter>
    <Filter Include="Pliki źródłowe\RTTI">
      <UniqueIdentifier>{96b30a92-3de8-4caa-b9a7-27e1eb464952}</UniqueIdentifier>
    </Filter>
    <Filter Include="Pliki źródłowe\casting">
      <UniqueIdentifier>{9b45a4d5-8b5e-4c8c-bafc-12f65a426b74}</UniqueIdentifier>
    </Filter>
    <Filter Include="Pliki źródłowe\string\string_member_functions">
      <UniqueIdentifier>{ee32bdf2-f9be-4956-bfd6-5a2d5fa9711d}</UniqueIdentifier>
    </Filter>
    <Filter Include="Pliki źródłowe\string\string_non_member_functions">
      <UniqueIdentifier>{daaf893f-5ded-4562-a8d8-bf089ae65dfd}</UniqueIdentifier>
    </Filter>
    <Filter Include="Pliki źródłowe\smart_pointers">
      <UniqueIdentifier>{56f954e5-2f7c-4d17-b672-813acd368c5c}</UniqueIdentifier>
    </Filter>
    <Filter Include="Pliki źródłowe\containers">
      <UniqueIdentifier>{f86e2def-de11-408b-aba9-33d985fc9c9f}</UniqueIdentifier>
    </Filter>
    <Filter Include="Pliki źródłowe\iterators">
      <UniqueIdentifier>{6c6e61fa-ec94-48a2-a781-83ef05b25978}</UniqueIdentifier>
    </Filter>
    <Filter Include="Pliki źródłowe\containers\types">
      <UniqueIdentifier>{ca09f17c-fdf2-4e63-ae58-d4b15807e204}</UniqueIdentifier>
    </Filter>
    <Filter Include="Pliki źródłowe\containers\methods">
      <UniqueIdentifier>{901082b1-9d8f-4dc5-acb6-4f8bbfe413f9}</UniqueIdentifier>
    </Filter>
    <Filter Include="Pliki źródłowe\containers\constructors">
      <UniqueIdentifier>{f7fa8854-01ff-4c36-aeac-a5dbef3b902c}</UniqueIdentifier>
    </Filter>
    <Filter Include="Pliki źródłowe\containers\operators">
      <UniqueIdentifier>{44b71104-8f3f-4bca-8f0c-d06c1971a6bd}</UniqueIdentifier>
    </Filter>
    <Filter Include="Pliki źródłowe\containers\methods\adaptors">
      <UniqueIdentifier>{c66c1066-066b-4872-b50b-e6e519ee07f1}</UniqueIdentifier>
    </Filter>
    <Filter Include="Pliki źródłowe\containers\containers_test">
      <UniqueIdentifier>{7c0a8ad7-1b73-4039-bbbc-1fb1d13652e0}</UniqueIdentifier>
    </Filter>
    <Filter Include="Pliki źródłowe\containers\templates">
      <UniqueIdentifier>{4498e2ff-231c-46cc-926f-e06e3ffcb5a8}</UniqueIdentifier>
    </Filter>
    <Filter Include="Pliki źródłowe\functors">
      <UniqueIdentifier>{3e3d7676-d39a-4572-9da3-90cb7f0e6748}</UniqueIdentifier>
    </Filter>
    <Filter Include="Pliki źródłowe\algorithms">
      <UniqueIdentifier>{b9b9b4c1-f276-4e2f-82b4-2e235c4d6397}</UniqueIdentifier>
    </Filter>
    <Filter Include="Pliki źródłowe\algorithms\other">
      <UniqueIdentifier>{44bfc75f-d467-45d9-b62d-29953043a1e6}</UniqueIdentifier>
    </Filter>
    <Filter Include="Pliki źródłowe\algorithms\algorithm_idioms">
      <UniqueIdentifier>{4361cdbd-7102-4a59-9611-4f9d5615f2f1}</UniqueIdentifier>
    </Filter>
    <Filter Include="Pliki źródłowe\containers_other">
      <UniqueIdentifier>{14f6ee28-3c33-4e9c-bcc8-dbacb01a4629}</UniqueIdentifier>
    </Filter>
    <Filter Include="Pliki źródłowe\containers_other\valarray">
      <UniqueIdentifier>{ece6297c-ba83-4cb0-ac8f-95da24766b13}</UniqueIdentifier>
    </Filter>
    <Filter Include="Pliki źródłowe\selectors_masks">
      <UniqueIdentifier>{950a4d71-b307-4997-bb9f-7c412a8567d8}</UniqueIdentifier>
    </Filter>
    <Filter Include="Pliki źródłowe\initializer_list">
      <UniqueIdentifier>{37542910-1e64-4a53-a523-04d60f6c98f1}</UniqueIdentifier>
    </Filter>
    <Filter Include="Pliki źródłowe\input_output\constants">
      <UniqueIdentifier>{4e3d965d-77ad-4be3-8ac8-8cdc3eb78cac}</UniqueIdentifier>
    </Filter>
    <Filter Include="Pliki źródłowe\input_output\methods_functions">
      <UniqueIdentifier>{733a43b6-a92c-42cf-b3f6-417f86b46d1d}</UniqueIdentifier>
    </Filter>
    <Filter Include="Pliki źródłowe\input_output\streams">
      <UniqueIdentifier>{e1c8e0cd-d532-4c33-a8f1-a222565238e4}</UniqueIdentifier>
    </Filter>
    <Filter Include="Pliki źródłowe\input_output_files">
      <UniqueIdentifier>{23e94c88-37dd-42d4-9a79-767e8171f12a}</UniqueIdentifier>
    </Filter>
    <Filter Include="Pliki źródłowe\input_output\types">
      <UniqueIdentifier>{7c81ba79-01ae-4f3b-b251-f4484d1842f2}</UniqueIdentifier>
    </Filter>
    <Filter Include="Pliki źródłowe\input_output\constructors">
      <UniqueIdentifier>{7d7b1559-f814-4c65-a389-d663ca40959f}</UniqueIdentifier>
    </Filter>
    <Filter Include="Pliki źródłowe\input_output\formatted_unformatted">
      <UniqueIdentifier>{5843673b-35c7-4d6b-9f65-b9ee6ebef9c4}</UniqueIdentifier>
    </Filter>
    <Filter Include="Pliki źródłowe\structure_union_enum\enum">
      <UniqueIdentifier>{6a90266f-100f-49e4-bd0e-d0e691795333}</UniqueIdentifier>
    </Filter>
    <Filter Include="Pliki źródłowe\value_types">
      <UniqueIdentifier>{7ab6ce71-dea3-4351-928a-0539d5855f82}</UniqueIdentifier>
    </Filter>
    <Filter Include="Pliki źródłowe\algorithms\utility">
      <UniqueIdentifier>{eb9e8530-4239-4026-af28-1509429d1b2d}</UniqueIdentifier>
    </Filter>
    <Filter Include="Pliki źródłowe\class\constructor_initializer_list">
      <UniqueIdentifier>{94cbff49-5315-4650-b9fb-f46e958e5799}</UniqueIdentifier>
    </Filter>
    <Filter Include="Pliki źródłowe\class\default_delete">
      <UniqueIdentifier>{c09ba810-446e-4389-846f-50ae150b9bf2}</UniqueIdentifier>
    </Filter>
    <Filter Include="Pliki źródłowe\class\shared_class_members">
      <UniqueIdentifier>{22442f5e-16e6-4351-9944-b718e9eb777b}</UniqueIdentifier>
    </Filter>
    <Filter Include="Pliki źródłowe\lambda">
      <UniqueIdentifier>{b8ce62b8-f757-45a0-a88b-f3ec7f10d7b5}</UniqueIdentifier>
    </Filter>
    <Filter Include="Pliki źródłowe\wrappers_adaptors">
      <UniqueIdentifier>{dca6a439-654f-4d58-a36b-ae4367a5d11e}</UniqueIdentifier>
    </Filter>
    <Filter Include="Pliki źródłowe\namespace\predefined_namespaces">
      <UniqueIdentifier>{364d0114-b0de-4472-8344-06d040a47da0}</UniqueIdentifier>
    </Filter>
    <Filter Include="Pliki źródłowe\variadic">
      <UniqueIdentifier>{62f0c1bc-66df-4ee5-9f8d-d92f29704c6c}</UniqueIdentifier>
    </Filter>
    <Filter Include="Pliki źródłowe\threads">
      <UniqueIdentifier>{40ccb047-4e2b-446e-95e4-95dbaddc3e81}</UniqueIdentifier>
    </Filter>
    <Filter Include="Pliki źródłowe\qualifiers_specifiers_identifiers_attributes">
      <UniqueIdentifier>{8f8f9e3d-d385-4ace-8afd-225ac8760c2d}</UniqueIdentifier>
    </Filter>
    <Filter Include="Pliki źródłowe\qualifiers_specifiers_identifiers_attributes\qualifiers">
      <UniqueIdentifier>{bb74072f-aa6a-4bb7-802d-29a32762f3db}</UniqueIdentifier>
    </Filter>
    <Filter Include="Pliki źródłowe\qualifiers_specifiers_identifiers_attributes\specifiers">
      <UniqueIdentifier>{f008d7f3-559d-4444-b21c-e89246c698e0}</UniqueIdentifier>
    </Filter>
    <Filter Include="Pliki źródłowe\qualifiers_specifiers_identifiers_attributes\identifiers">
      <UniqueIdentifier>{9e951cc7-35ec-4416-95ff-4777ac6d6515}</UniqueIdentifier>
    </Filter>
    <Filter Include="Pliki źródłowe\qualifiers_specifiers_identifiers_attributes\attributes">
      <UniqueIdentifier>{a11c7c7a-bda1-4f98-80ac-80d277c643f6}</UniqueIdentifier>
    </Filter>
    <Filter Include="Pliki źródłowe\literals">
      <UniqueIdentifier>{522b3e7d-4f08-4ee9-be06-ef24a1a2786e}</UniqueIdentifier>
    </Filter>
    <Filter Include="Pliki źródłowe\literals\user_defined_literals">
      <UniqueIdentifier>{32060766-47b2-45df-9d18-9645167c4682}</UniqueIdentifier>
    </Filter>
    <Filter Include="Pliki źródłowe\operators">
      <UniqueIdentifier>{32d3cdd4-2ed2-4c35-b71b-3c94990d2c1e}</UniqueIdentifier>
    </Filter>
    <Filter Include="Pliki źródłowe\operators\new_delete">
      <UniqueIdentifier>{47146846-78d1-4808-900b-5af152c0a54a}</UniqueIdentifier>
    </Filter>
    <Filter Include="Pliki źródłowe\literals\predefined_user_defined_literals">
      <UniqueIdentifier>{18635b51-3d6c-46ac-af46-1e744ebde538}</UniqueIdentifier>
    </Filter>
    <Filter Include="Pliki źródłowe\operators\alternative_lexemes">
      <UniqueIdentifier>{3b68ef3f-56e6-4ce2-9c11-9ecab8fb44ef}</UniqueIdentifier>
    </Filter>
    <Filter Include="Pliki źródłowe\operators\poiter_to_member">
      <UniqueIdentifier>{557c7503-5800-4e60-b62a-534c29262a7b}</UniqueIdentifier>
    </Filter>
  </ItemGroup>
  <ItemGroup>
    <ClCompile Include="using_namespace.cpp">
      <Filter>Pliki źródłowe\namespace</Filter>
    </ClCompile>
    <ClCompile Include="no_using_namespace.cpp">
      <Filter>Pliki źródłowe\namespace</Filter>
    </ClCompile>
    <ClCompile Include="using_declaration.cpp">
      <Filter>Pliki źródłowe\namespace</Filter>
    </ClCompile>
    <ClCompile Include="temp.cpp">
      <Filter>Pliki źródłowe</Filter>
    </ClCompile>
    <ClCompile Include="data_types_sizes.cpp">
      <Filter>Pliki źródłowe\data_types</Filter>
    </ClCompile>
    <ClCompile Include="main_function.cpp">
      <Filter>Pliki źródłowe\main</Filter>
    </ClCompile>
    <ClCompile Include="wmain_function.cpp">
      <Filter>Pliki źródłowe\main</Filter>
    </ClCompile>
    <ClCompile Include="comments.cpp">
      <Filter>Pliki źródłowe\other</Filter>
    </ClCompile>
    <ClCompile Include="pointers_char.cpp">
      <Filter>Pliki źródłowe\pointers</Filter>
    </ClCompile>
    <ClCompile Include="initialization_variable.cpp">
      <Filter>Pliki źródłowe\initialization</Filter>
    </ClCompile>
    <ClCompile Include="initialization_structure.cpp">
      <Filter>Pliki źródłowe\initialization</Filter>
    </ClCompile>
    <ClCompile Include="structure.cpp">
      <Filter>Pliki źródłowe\structure_union_enum</Filter>
    </ClCompile>
    <ClCompile Include="loop_for.cpp">
      <Filter>Pliki źródłowe\loops</Filter>
    </ClCompile>
    <ClCompile Include="loop_range_based_for.cpp">
      <Filter>Pliki źródłowe\loops</Filter>
    </ClCompile>
    <ClCompile Include="loop_while.cpp">
      <Filter>Pliki źródłowe\loops</Filter>
    </ClCompile>
    <ClCompile Include="loop_do_while.cpp">
      <Filter>Pliki źródłowe\loops</Filter>
    </ClCompile>
    <ClCompile Include="switch.cpp">
      <Filter>Pliki źródłowe\switch</Filter>
    </ClCompile>
    <ClCompile Include="conditional_operator.cpp">
      <Filter>Pliki źródłowe\operators</Filter>
    </ClCompile>
    <ClCompile Include="cast_function_type.cpp">
      <Filter>Pliki źródłowe\function</Filter>
    </ClCompile>
    <ClCompile Include="prototypes.cpp">
      <Filter>Pliki źródłowe\prototypes</Filter>
    </ClCompile>
    <ClCompile Include="const.cpp">
      <Filter>Pliki źródłowe\const</Filter>
    </ClCompile>
    <ClCompile Include="const_value_pointer.cpp">
      <Filter>Pliki źródłowe\const</Filter>
    </ClCompile>
    <ClCompile Include="recursive_main.cpp">
      <Filter>Pliki źródłowe\other</Filter>
    </ClCompile>
    <ClCompile Include="pointers_to_functions.cpp">
      <Filter>Pliki źródłowe\pointers</Filter>
    </ClCompile>
    <ClCompile Include="reference_to_structure.cpp">
      <Filter>Pliki źródłowe\references</Filter>
    </ClCompile>
    <ClCompile Include="references_const.cpp">
      <Filter>Pliki źródłowe\references</Filter>
    </ClCompile>
    <ClCompile Include="references_lvalue_rvalue.cpp">
      <Filter>Pliki źródłowe\references</Filter>
    </ClCompile>
    <ClCompile Include="reference_to_const.cpp">
      <Filter>Pliki źródłowe\references</Filter>
    </ClCompile>
    <ClCompile Include="pointers_references_return.cpp">
      <Filter>Pliki źródłowe\references</Filter>
    </ClCompile>
    <ClCompile Include="default_arguments.cpp">
      <Filter>Pliki źródłowe\function</Filter>
    </ClCompile>
    <ClCompile Include="function_overloading.cpp">
      <Filter>Pliki źródłowe\function</Filter>
    </ClCompile>
    <ClCompile Include="function_overloading_reference.cpp">
      <Filter>Pliki źródłowe\function</Filter>
    </ClCompile>
    <ClCompile Include="function_overloading_constant.cpp">
      <Filter>Pliki źródłowe\function</Filter>
    </ClCompile>
    <ClCompile Include="templates.cpp">
      <Filter>Pliki źródłowe\function_templates</Filter>
    </ClCompile>
    <ClCompile Include="instantiation_specialization.cpp">
      <Filter>Pliki źródłowe\function_templates</Filter>
    </ClCompile>
    <ClCompile Include="template.cpp">
      <Filter>Pliki źródłowe</Filter>
    </ClCompile>
    <ClCompile Include="partial_complete_specialization.cpp">
      <Filter>Pliki źródłowe\function_templates</Filter>
    </ClCompile>
    <ClCompile Include="trailing_return_type.cpp">
      <Filter>Pliki źródłowe\function</Filter>
    </ClCompile>
    <ClCompile Include="template_trailing_return_type.cpp">
      <Filter>Pliki źródłowe\function_templates</Filter>
    </ClCompile>
    <ClCompile Include="templates_defaults_arguments.cpp">
      <Filter>Pliki źródłowe\function_templates</Filter>
    </ClCompile>
    <ClCompile Include="static.cpp">
      <Filter>Pliki źródłowe\storage_classes</Filter>
    </ClCompile>
    <ClCompile Include="extern.cpp">
      <Filter>Pliki źródłowe\storage_classes</Filter>
    </ClCompile>
    <ClCompile Include="new_in_place.cpp">
      <Filter>Pliki źródłowe\operators\new_delete</Filter>
    </ClCompile>
    <ClCompile Include="namespace_nested.cpp">
      <Filter>Pliki źródłowe\namespace</Filter>
    </ClCompile>
    <ClCompile Include="namespace_nested2.cpp">
      <Filter>Pliki źródłowe\namespace</Filter>
    </ClCompile>
    <ClCompile Include="unnamed_namespace.cpp">
      <Filter>Pliki źródłowe\namespace</Filter>
    </ClCompile>
    <ClCompile Include="inline_unnamed_namespace.cpp">
      <Filter>Pliki źródłowe\namespace</Filter>
    </ClCompile>
    <ClCompile Include="using_declaration_directive.cpp">
      <Filter>Pliki źródłowe\namespace</Filter>
    </ClCompile>
    <ClCompile Include="function_overloading_ambigious.cpp">
      <Filter>Pliki źródłowe\function</Filter>
    </ClCompile>
    <ClCompile Include="class_decstructor.cpp">
      <Filter>Pliki źródłowe\class</Filter>
    </ClCompile>
    <ClCompile Include="class_simple.cpp">
      <Filter>Pliki źródłowe\class</Filter>
    </ClCompile>
    <ClCompile Include="class_const_method.cpp">
      <Filter>Pliki źródłowe\class</Filter>
    </ClCompile>
    <ClCompile Include="extern_const.cpp">
      <Filter>Pliki źródłowe\storage_classes</Filter>
    </ClCompile>
    <ClCompile Include="exterm_const2.cpp">
      <Filter>Pliki źródłowe\storage_classes</Filter>
    </ClCompile>
    <ClCompile Include="pointer_reference_value.cpp">
      <Filter>Pliki źródłowe\references</Filter>
    </ClCompile>
    <ClCompile Include="pointer_reference_value2.cpp">
      <Filter>Pliki źródłowe\references</Filter>
    </ClCompile>
    <ClCompile Include="interfix_operator_overloading.cpp">
      <Filter>Pliki źródłowe\operators_overloading</Filter>
    </ClCompile>
    <ClCompile Include="prefix_operator_overloading.cpp">
      <Filter>Pliki źródłowe\operators_overloading</Filter>
    </ClCompile>
    <ClCompile Include="sufix_operator_overloading.cpp">
      <Filter>Pliki źródłowe\operators_overloading</Filter>
    </ClCompile>
    <ClCompile Include="conversion_implicit_explicit.cpp">
      <Filter>Pliki źródłowe\conversion_functions</Filter>
    </ClCompile>
    <ClCompile Include="assignment_operator_overloading.cpp">
      <Filter>Pliki źródłowe\operators_overloading</Filter>
    </ClCompile>
    <ClCompile Include="subscript_operator_overloading.cpp">
      <Filter>Pliki źródłowe\operators_overloading</Filter>
    </ClCompile>
    <ClCompile Include="nullptr_t.cpp">
      <Filter>Pliki źródłowe\data_types\special_types</Filter>
    </ClCompile>
    <ClCompile Include="constructor_initializer_list.cpp">
      <Filter>Pliki źródłowe\class\constructor_initializer_list</Filter>
    </ClCompile>
    <ClCompile Include="constructors.cpp">
      <Filter>Pliki źródłowe\class\constructor</Filter>
    </ClCompile>
    <ClCompile Include="constructors_explicit.cpp">
      <Filter>Pliki źródłowe\class\constructor</Filter>
    </ClCompile>
    <ClCompile Include="copy_constructor_or_assignment.cpp">
      <Filter>Pliki źródłowe\class</Filter>
    </ClCompile>
    <ClCompile Include="compatibility.cpp">
      <Filter>Pliki źródłowe\class</Filter>
    </ClCompile>
    <ClCompile Include="virtual.cpp">
      <Filter>Pliki źródłowe\class</Filter>
    </ClCompile>
    <ClCompile Include="virtual_destructor.cpp">
      <Filter>Pliki źródłowe\class</Filter>
    </ClCompile>
    <ClCompile Include="friend_function.cpp">
      <Filter>Pliki źródłowe\friend</Filter>
    </ClCompile>
    <ClCompile Include="inheritance_public.cpp">
      <Filter>Pliki źródłowe\class\inheritance</Filter>
    </ClCompile>
    <ClCompile Include="inheritance_private.cpp">
      <Filter>Pliki źródłowe\class\inheritance</Filter>
    </ClCompile>
    <ClCompile Include="abstract_class.cpp">
      <Filter>Pliki źródłowe\class\abstract_class</Filter>
    </ClCompile>
    <ClCompile Include="multiple_inheritance_virtual.cpp">
      <Filter>Pliki źródłowe\class\inheritance</Filter>
    </ClCompile>
    <ClCompile Include="multiple_inheritance_normal.cpp">
      <Filter>Pliki źródłowe\class\inheritance</Filter>
    </ClCompile>
    <ClCompile Include="single_inheritance.cpp">
      <Filter>Pliki źródłowe\class\inheritance</Filter>
    </ClCompile>
    <ClCompile Include="multiple_inheritance_mixed.cpp">
      <Filter>Pliki źródłowe\class\inheritance</Filter>
    </ClCompile>
    <ClCompile Include="class_templates.cpp">
      <Filter>Pliki źródłowe\class_templates</Filter>
    </ClCompile>
    <ClCompile Include="partial_specialization.cpp">
      <Filter>Pliki źródłowe\function_templates</Filter>
    </ClCompile>
    <ClCompile Include="class_templates_nested.cpp">
      <Filter>Pliki źródłowe\class_templates</Filter>
    </ClCompile>
    <ClCompile Include="class_templates_instantiation_specialization.cpp">
      <Filter>Pliki źródłowe\class_templates</Filter>
    </ClCompile>
    <ClCompile Include="class_templates_inheritence.cpp">
      <Filter>Pliki źródłowe\class_templates</Filter>
    </ClCompile>
    <ClCompile Include="class_templates_parameters.cpp">
      <Filter>Pliki źródłowe\class_templates</Filter>
    </ClCompile>
    <ClCompile Include="class_templates_partial_full_specialization.cpp">
      <Filter>Pliki źródłowe\class_templates</Filter>
    </ClCompile>
    <ClCompile Include="class_templates_specialization_overloading.cpp">
      <Filter>Pliki źródłowe\class_templates</Filter>
    </ClCompile>
    <ClCompile Include="templates_parameters.cpp">
      <Filter>Pliki źródłowe\function_templates</Filter>
    </ClCompile>
    <ClCompile Include="class_template_automatic_type_deduction.cpp">
      <Filter>Pliki źródłowe\class_templates</Filter>
    </ClCompile>
    <ClCompile Include="typedef_using.cpp">
      <Filter>Pliki źródłowe\typedef_using</Filter>
    </ClCompile>
    <ClCompile Include="class_template_friend_functions.cpp">
      <Filter>Pliki źródłowe\friend</Filter>
    </ClCompile>
    <ClCompile Include="friend_class.cpp">
      <Filter>Pliki źródłowe\friend</Filter>
    </ClCompile>
    <ClCompile Include="friend_method.cpp">
      <Filter>Pliki źródłowe\friend</Filter>
    </ClCompile>
    <ClCompile Include="shared_friend_function.cpp">
      <Filter>Pliki źródłowe\friend</Filter>
    </ClCompile>
    <ClCompile Include="mutual_friend_classes.cpp">
      <Filter>Pliki źródłowe\friend</Filter>
    </ClCompile>
    <ClCompile Include="mutual_friend_methods.cpp">
      <Filter>Pliki źródłowe\friend</Filter>
    </ClCompile>
    <ClCompile Include="class_int_class.cpp">
      <Filter>Pliki źródłowe\class\nested_class_template</Filter>
    </ClCompile>
    <ClCompile Include="class_in_template.cpp">
      <Filter>Pliki źródłowe\class\nested_class_template</Filter>
    </ClCompile>
    <ClCompile Include="template_in_class.cpp">
      <Filter>Pliki źródłowe\class\nested_class_template</Filter>
    </ClCompile>
    <ClCompile Include="template_in_template.cpp">
      <Filter>Pliki źródłowe\class\nested_class_template</Filter>
    </ClCompile>
    <ClCompile Include="handling_exceptions.cpp">
      <Filter>Pliki źródłowe\exceptions</Filter>
    </ClCompile>
    <ClCompile Include="exception_hierarchy.cpp">
      <Filter>Pliki źródłowe\exceptions</Filter>
    </ClCompile>
    <ClCompile Include="new_delete_nothrow.cpp">
      <Filter>Pliki źródłowe\operators\new_delete</Filter>
    </ClCompile>
    <ClCompile Include="unexpected_exception.cpp">
      <Filter>Pliki źródłowe\exceptions</Filter>
    </ClCompile>
    <ClCompile Include="uncaught_exception.cpp">
      <Filter>Pliki źródłowe\exceptions</Filter>
    </ClCompile>
    <ClCompile Include="exception_handling.cpp">
      <Filter>Pliki źródłowe\exceptions</Filter>
    </ClCompile>
    <ClCompile Include="typeid.cpp">
      <Filter>Pliki źródłowe\operators</Filter>
    </ClCompile>
    <ClCompile Include="const_cast.cpp">
      <Filter>Pliki źródłowe\casting</Filter>
    </ClCompile>
    <ClCompile Include="static_cast.cpp">
      <Filter>Pliki źródłowe\casting</Filter>
    </ClCompile>
    <ClCompile Include="reinterpret_cast.cpp">
      <Filter>Pliki źródłowe\casting</Filter>
    </ClCompile>
    <ClCompile Include="dynamic_cast.cpp">
      <Filter>Pliki źródłowe\casting</Filter>
    </ClCompile>
    <ClCompile Include="string_constructor.cpp">
      <Filter>Pliki źródłowe\string</Filter>
    </ClCompile>
    <ClCompile Include="string_operators.cpp">
      <Filter>Pliki źródłowe\string</Filter>
    </ClCompile>
    <ClCompile Include="temp_c.c">
      <Filter>Pliki źródłowe</Filter>
    </ClCompile>
    <ClCompile Include="string_types.cpp">
      <Filter>Pliki źródłowe\string</Filter>
    </ClCompile>
    <ClCompile Include="string_append.cpp">
      <Filter>Pliki źródłowe\string\string_member_functions</Filter>
    </ClCompile>
    <ClCompile Include="string_compare.cpp">
      <Filter>Pliki źródłowe\string\string_member_functions</Filter>
    </ClCompile>
    <ClCompile Include="string_find.cpp">
      <Filter>Pliki źródłowe\string\string_member_functions</Filter>
    </ClCompile>
    <ClCompile Include="string_member_functions.cpp">
      <Filter>Pliki źródłowe\string\string_member_functions</Filter>
    </ClCompile>
    <ClCompile Include="string_assign.cpp">
      <Filter>Pliki źródłowe\string\string_member_functions</Filter>
    </ClCompile>
    <ClCompile Include="string_insert.cpp">
      <Filter>Pliki źródłowe\string\string_member_functions</Filter>
    </ClCompile>
    <ClCompile Include="string_erase.cpp">
      <Filter>Pliki źródłowe\string\string_member_functions</Filter>
    </ClCompile>
    <ClCompile Include="string_replace.cpp">
      <Filter>Pliki źródłowe\string\string_member_functions</Filter>
    </ClCompile>
    <ClCompile Include="string_getline.cpp">
      <Filter>Pliki źródłowe\string\string_member_functions</Filter>
    </ClCompile>
    <ClCompile Include="smart_pointers.cpp">
      <Filter>Pliki źródłowe\smart_pointers</Filter>
    </ClCompile>
    <ClCompile Include="auto_ptr.cpp">
      <Filter>Pliki źródłowe\smart_pointers</Filter>
    </ClCompile>
    <ClCompile Include="unique_ptr.cpp">
      <Filter>Pliki źródłowe\smart_pointers</Filter>
    </ClCompile>
    <ClCompile Include="shared_ptr.cpp">
      <Filter>Pliki źródłowe\smart_pointers</Filter>
    </ClCompile>
    <ClCompile Include="weak_ptr.cpp">
      <Filter>Pliki źródłowe\smart_pointers</Filter>
    </ClCompile>
    <ClCompile Include="iterators.cpp">
      <Filter>Pliki źródłowe\iterators</Filter>
    </ClCompile>
    <ClCompile Include="predefined_iterators.cpp">
      <Filter>Pliki źródłowe\iterators</Filter>
    </ClCompile>
    <ClCompile Include="iterator_functions.cpp">
      <Filter>Pliki źródłowe\iterators</Filter>
    </ClCompile>
    <ClCompile Include="input_iterator.cpp">
      <Filter>Pliki źródłowe\iterators</Filter>
    </ClCompile>
    <ClCompile Include="template_iterator.cpp">
      <Filter>Pliki źródłowe</Filter>
    </ClCompile>
    <ClCompile Include="forward_iterator.cpp">
      <Filter>Pliki źródłowe\iterators</Filter>
    </ClCompile>
    <ClCompile Include="output_iterator.cpp">
      <Filter>Pliki źródłowe\iterators</Filter>
    </ClCompile>
    <ClCompile Include="container_operators.cpp">
      <Filter>Pliki źródłowe\containers\operators</Filter>
    </ClCompile>
    <ClCompile Include="constructors_all.cpp">
      <Filter>Pliki źródłowe\containers\constructors</Filter>
    </ClCompile>
    <ClCompile Include="types_all.cpp">
      <Filter>Pliki źródłowe\containers\types</Filter>
    </ClCompile>
    <ClCompile Include="constructors_queue.cpp">
      <Filter>Pliki źródłowe\containers\constructors</Filter>
    </ClCompile>
    <ClCompile Include="methods_associative.cpp">
      <Filter>Pliki źródłowe\containers\methods</Filter>
    </ClCompile>
    <ClCompile Include="methods_queue.cpp">
      <Filter>Pliki źródłowe\containers\methods\adaptors</Filter>
    </ClCompile>
    <ClCompile Include="methods_stack.cpp">
      <Filter>Pliki źródłowe\containers\methods\adaptors</Filter>
    </ClCompile>
    <ClCompile Include="methods_sequential.cpp">
      <Filter>Pliki źródłowe\containers\methods</Filter>
    </ClCompile>
    <ClCompile Include="vector.cpp">
      <Filter>Pliki źródłowe\containers\containers_test</Filter>
    </ClCompile>
    <ClCompile Include="set.cpp">
      <Filter>Pliki źródłowe\containers\containers_test</Filter>
    </ClCompile>
    <ClCompile Include="array.cpp">
      <Filter>Pliki źródłowe\containers\containers_test</Filter>
    </ClCompile>
    <ClCompile Include="unordered_set.cpp">
      <Filter>Pliki źródłowe\containers\containers_test</Filter>
    </ClCompile>
    <ClCompile Include="template_parameters_all.cpp">
      <Filter>Pliki źródłowe\containers\templates</Filter>
    </ClCompile>
    <ClCompile Include="stack.cpp">
      <Filter>Pliki źródłowe\containers\containers_test</Filter>
    </ClCompile>
    <ClCompile Include="span.cpp">
      <Filter>Pliki źródłowe\containers\containers_test</Filter>
    </ClCompile>
    <ClCompile Include="predefined_functors.cpp">
      <Filter>Pliki źródłowe\functors</Filter>
    </ClCompile>
    <ClCompile Include="binary_search.cpp">
      <Filter>Pliki źródłowe\algorithms\other</Filter>
    </ClCompile>
    <ClCompile Include="partition.cpp">
      <Filter>Pliki źródłowe\algorithms\other</Filter>
    </ClCompile>
    <ClCompile Include="permutation.cpp">
      <Filter>Pliki źródłowe\algorithms\other</Filter>
    </ClCompile>
    <ClCompile Include="sorting.cpp">
      <Filter>Pliki źródłowe\algorithms\other</Filter>
    </ClCompile>
    <ClCompile Include="idioms.cpp">
      <Filter>Pliki źródłowe\algorithms\algorithm_idioms</Filter>
    </ClCompile>
    <ClCompile Include="algorithm_signs.txt">
      <Filter>Pliki źródłowe\algorithms</Filter>
    </ClCompile>
    <ClCompile Include="set_operations.cpp">
      <Filter>Pliki źródłowe\algorithms\other</Filter>
    </ClCompile>
    <ClCompile Include="heap_operations.cpp">
      <Filter>Pliki źródłowe\algorithms\other</Filter>
    </ClCompile>
    <ClCompile Include="min_max.cpp">
      <Filter>Pliki źródłowe\algorithms\other</Filter>
    </ClCompile>
    <ClCompile Include="numeric_operations.cpp">
      <Filter>Pliki źródłowe\algorithms\other</Filter>
    </ClCompile>
    <ClCompile Include="sequential_nonmodif.cpp">
      <Filter>Pliki źródłowe\algorithms</Filter>
    </ClCompile>
    <ClCompile Include="sequential_modif.cpp">
      <Filter>Pliki źródłowe\algorithms</Filter>
    </ClCompile>
    <ClCompile Include="temp_test.cpp">
      <Filter>Pliki źródłowe\containers\methods</Filter>
    </ClCompile>
    <ClCompile Include="complex.cpp">
      <Filter>Pliki źródłowe\containers_other</Filter>
    </ClCompile>
    <ClCompile Include="valarray_methods.cpp">
      <Filter>Pliki źródłowe\containers_other\valarray</Filter>
    </ClCompile>
    <ClCompile Include="valarray_operators.cpp">
      <Filter>Pliki źródłowe\containers_other\valarray</Filter>
    </ClCompile>
    <ClCompile Include="gslice.cpp">
      <Filter>Pliki źródłowe\selectors_masks</Filter>
    </ClCompile>
    <ClCompile Include="slice.cpp">
      <Filter>Pliki źródłowe\selectors_masks</Filter>
    </ClCompile>
    <ClCompile Include="valarray_constructors.cpp">
      <Filter>Pliki źródłowe\containers_other\valarray</Filter>
    </ClCompile>
    <ClCompile Include="helped_arrays.cpp">
      <Filter>Pliki źródłowe\selectors_masks</Filter>
    </ClCompile>
    <ClCompile Include="initializer_list.cpp">
      <Filter>Pliki źródłowe\initializer_list</Filter>
    </ClCompile>
    <ClCompile Include="pair.cpp">
      <Filter>Pliki źródłowe\containers_other</Filter>
    </ClCompile>
    <ClCompile Include="tuple.cpp">
      <Filter>Pliki źródłowe\containers_other</Filter>
    </ClCompile>
    <ClCompile Include="template_stream.cpp">
      <Filter>Pliki źródłowe</Filter>
    </ClCompile>
    <ClCompile Include="manipulators.cpp">
      <Filter>Pliki źródłowe\input_output\methods_functions</Filter>
    </ClCompile>
    <ClCompile Include="state_functions.cpp">
      <Filter>Pliki źródłowe\input_output\methods_functions</Filter>
    </ClCompile>
    <ClCompile Include="formatting_constants.cpp">
      <Filter>Pliki źródłowe\input_output\constants</Filter>
    </ClCompile>
    <ClCompile Include="state_constants.cpp">
      <Filter>Pliki źródłowe\input_output\constants</Filter>
    </ClCompile>
    <ClCompile Include="format_functions.cpp">
      <Filter>Pliki źródłowe\input_output\methods_functions</Filter>
    </ClCompile>
    <ClCompile Include="stream_specializations.cpp">
      <Filter>Pliki źródłowe\input_output\streams</Filter>
    </ClCompile>
    <ClCompile Include="predefined_streams.cpp">
      <Filter>Pliki źródłowe\input_output\streams</Filter>
    </ClCompile>
    <ClCompile Include="ifstream.cpp">
      <Filter>Pliki źródłowe\input_output_files</Filter>
    </ClCompile>
    <ClCompile Include="ifstream_is_open.cpp">
      <Filter>Pliki źródłowe\input_output_files</Filter>
    </ClCompile>
    <ClCompile Include="ofstream.cpp">
      <Filter>Pliki źródłowe\input_output_files</Filter>
    </ClCompile>
    <ClCompile Include="file_methods.cpp">
      <Filter>Pliki źródłowe\input_output\methods_functions</Filter>
    </ClCompile>
    <ClCompile Include="openmode_constants.cpp">
      <Filter>Pliki źródłowe\input_output\constants</Filter>
    </ClCompile>
    <ClCompile Include="positioning_functions.cpp">
      <Filter>Pliki źródłowe\input_output\methods_functions</Filter>
    </ClCompile>
    <ClCompile Include="input_output_types.cpp">
      <Filter>Pliki źródłowe\input_output\types</Filter>
    </ClCompile>
    <ClCompile Include="position_constants.cpp">
      <Filter>Pliki źródłowe\input_output\constants</Filter>
    </ClCompile>
    <ClCompile Include="string_functions.cpp">
      <Filter>Pliki źródłowe\input_output\methods_functions</Filter>
    </ClCompile>
    <ClCompile Include="event_constants.cpp">
      <Filter>Pliki źródłowe\input_output\constants</Filter>
    </ClCompile>
    <ClCompile Include="unformatted_input.cpp">
      <Filter>Pliki źródłowe\input_output\formatted_unformatted</Filter>
    </ClCompile>
    <ClCompile Include="unformatted_output.cpp">
      <Filter>Pliki źródłowe\input_output\formatted_unformatted</Filter>
    </ClCompile>
    <ClCompile Include="formatted_input_output.cpp">
      <Filter>Pliki źródłowe\input_output\formatted_unformatted</Filter>
    </ClCompile>
    <ClCompile Include="string_specializations.cpp">
      <Filter>Pliki źródłowe\string</Filter>
    </ClCompile>
    <ClCompile Include="narrowing_conversion.cpp">
      <Filter>Pliki źródłowe\initialization</Filter>
    </ClCompile>
    <ClCompile Include="auto.cpp">
      <Filter>Pliki źródłowe\RTTI</Filter>
    </ClCompile>
    <ClCompile Include="decltype.cpp">
      <Filter>Pliki źródłowe\RTTI</Filter>
    </ClCompile>
    <ClCompile Include="declval.cpp">
      <Filter>Pliki źródłowe\RTTI</Filter>
    </ClCompile>
    <ClCompile Include="noexcept.cpp">
      <Filter>Pliki źródłowe\operators</Filter>
    </ClCompile>
    <ClCompile Include="exception_specifications.cpp">
      <Filter>Pliki źródłowe\exceptions</Filter>
    </ClCompile>
    <ClCompile Include="enum.cpp">
      <Filter>Pliki źródłowe\structure_union_enum\enum</Filter>
    </ClCompile>
    <ClCompile Include="scoped_enum.cpp">
      <Filter>Pliki źródłowe\structure_union_enum\enum</Filter>
    </ClCompile>
    <ClCompile Include="valarray_nonmember_functions.cpp">
      <Filter>Pliki źródłowe\containers_other\valarray</Filter>
    </ClCompile>
    <ClCompile Include="value_types.cpp">
      <Filter>Pliki źródłowe\value_types</Filter>
    </ClCompile>
    <ClCompile Include="move.cpp">
      <Filter>Pliki źródłowe\algorithms\utility</Filter>
    </ClCompile>
    <ClCompile Include="default_delete.cpp">
      <Filter>Pliki źródłowe\class\default_delete</Filter>
    </ClCompile>
    <ClCompile Include="delegating_constructors.cpp">
      <Filter>Pliki źródłowe\class\constructor_initializer_list</Filter>
    </ClCompile>
    <ClCompile Include="shared_methods.cpp">
      <Filter>Pliki źródłowe\class\shared_class_members</Filter>
    </ClCompile>
    <ClCompile Include="constructors_inheritance.cpp">
      <Filter>Pliki źródłowe\class\shared_class_members</Filter>
    </ClCompile>
    <ClCompile Include="shared_private_members.cpp">
      <Filter>Pliki źródłowe\class\shared_class_members</Filter>
    </ClCompile>
    <ClCompile Include="identifier_override.cpp">
      <Filter>Pliki źródłowe\qualifiers_specifiers_identifiers_attributes</Filter>
    </ClCompile>
    <ClCompile Include="identifier_final.cpp">
      <Filter>Pliki źródłowe\qualifiers_specifiers_identifiers_attributes</Filter>
    </ClCompile>
    <ClCompile Include="lambda_expression.cpp">
      <Filter>Pliki źródłowe\lambda</Filter>
    </ClCompile>
    <ClCompile Include="deprecated_binders.cpp">
      <Filter>Pliki źródłowe\wrappers_adaptors</Filter>
    </ClCompile>
    <ClCompile Include="bind.cpp">
      <Filter>Pliki źródłowe\wrappers_adaptors</Filter>
    </ClCompile>
    <ClCompile Include="placeholders.cpp">
      <Filter>Pliki źródłowe\namespace\predefined_namespaces</Filter>
    </ClCompile>
    <ClCompile Include="reference_wrapper.cpp">
      <Filter>Pliki źródłowe\wrappers_adaptors</Filter>
    </ClCompile>
    <ClCompile Include="mem_fn.cpp">
      <Filter>Pliki źródłowe\wrappers_adaptors</Filter>
    </ClCompile>
    <ClCompile Include="function.cpp">
      <Filter>Pliki źródłowe\wrappers_adaptors</Filter>
    </ClCompile>
    <ClCompile Include="variadic_function_templates.cpp">
      <Filter>Pliki źródłowe\variadic</Filter>
    </ClCompile>
    <ClCompile Include="variadic_class_template.cpp">
      <Filter>Pliki źródłowe\variadic</Filter>
    </ClCompile>
    <ClCompile Include="pack_expansion.cpp">
      <Filter>Pliki źródłowe\variadic</Filter>
    </ClCompile>
    <ClCompile Include="sizeof_variadic.cpp">
      <Filter>Pliki źródłowe\operators</Filter>
    </ClCompile>
    <ClCompile Include="lambda_variable_capture.cpp">
      <Filter>Pliki źródłowe\lambda</Filter>
    </ClCompile>
    <ClCompile Include="lambda_variable_capture2.cpp">
      <Filter>Pliki źródłowe\lambda</Filter>
    </ClCompile>
    <ClCompile Include="lambda_mutable.cpp">
      <Filter>Pliki źródłowe\lambda</Filter>
    </ClCompile>
    <ClCompile Include="lambda_generic.cpp">
      <Filter>Pliki źródłowe\lambda</Filter>
    </ClCompile>
    <ClCompile Include="threads_headers.cpp">
      <Filter>Pliki źródłowe\threads</Filter>
    </ClCompile>
    <ClCompile Include="specifier_alignas.cpp">
      <Filter>Pliki źródłowe\qualifiers_specifiers_identifiers_attributes</Filter>
    </ClCompile>
    <ClCompile Include="specifier_constexpr.cpp">
      <Filter>Pliki źródłowe\qualifiers_specifiers_identifiers_attributes</Filter>
    </ClCompile>
    <ClCompile Include="qualifier_const.cpp">
      <Filter>Pliki źródłowe\qualifiers_specifiers_identifiers_attributes\qualifiers</Filter>
    </ClCompile>
    <ClCompile Include="qualifier_volatile.cpp">
      <Filter>Pliki źródłowe\qualifiers_specifiers_identifiers_attributes\qualifiers</Filter>
    </ClCompile>
    <ClCompile Include="template_specifier.cpp">
      <Filter>Pliki źródłowe</Filter>
    </ClCompile>
    <ClCompile Include="virtual_specifier.cpp">
      <Filter>Pliki źródłowe\qualifiers_specifiers_identifiers_attributes\specifiers</Filter>
    </ClCompile>
    <ClCompile Include="mutable_specifier.cpp">
      <Filter>Pliki źródłowe\qualifiers_specifiers_identifiers_attributes\specifiers</Filter>
    </ClCompile>
    <ClCompile Include="inline_specifier.cpp">
      <Filter>Pliki źródłowe\qualifiers_specifiers_identifiers_attributes\specifiers</Filter>
    </ClCompile>
    <ClCompile Include="friend_specifier.cpp">
      <Filter>Pliki źródłowe\qualifiers_specifiers_identifiers_attributes\specifiers</Filter>
    </ClCompile>
    <ClCompile Include="noreturn_attribute.cpp">
      <Filter>Pliki źródłowe\qualifiers_specifiers_identifiers_attributes\attributes</Filter>
    </ClCompile>
    <ClCompile Include="explicit_specifier.cpp">
      <Filter>Pliki źródłowe\qualifiers_specifiers_identifiers_attributes\specifiers</Filter>
    </ClCompile>
    <ClCompile Include="user_defined_literals.cpp">
      <Filter>Pliki źródłowe\literals\user_defined_literals</Filter>
    </ClCompile>
    <ClCompile Include="boolean_literals.cpp">
      <Filter>Pliki źródłowe\literals</Filter>
    </ClCompile>
    <ClCompile Include="template_literals.cpp">
      <Filter>Pliki źródłowe</Filter>
    </ClCompile>
    <ClCompile Include="character_literals.cpp">
      <Filter>Pliki źródłowe\literals</Filter>
    </ClCompile>
    <ClCompile Include="string_literals.cpp">
      <Filter>Pliki źródłowe\literals</Filter>
    </ClCompile>
    <ClCompile Include="digit_separator.cpp">
      <Filter>Pliki źródłowe\literals</Filter>
    </ClCompile>
    <ClCompile Include="pointer_literal.cpp">
      <Filter>Pliki źródłowe\literals</Filter>
    </ClCompile>
    <ClCompile Include="cooked_raw_literals.cpp">
      <Filter>Pliki źródłowe\literals\user_defined_literals</Filter>
    </ClCompile>
    <ClCompile Include="character_ud_literals.cpp">
      <Filter>Pliki źródłowe\literals\user_defined_literals</Filter>
    </ClCompile>
    <ClCompile Include="string_ud_literals.cpp">
      <Filter>Pliki źródłowe\literals\user_defined_literals</Filter>
    </ClCompile>
    <ClCompile Include="predefined_user_defined_literals.cpp">
      <Filter>Pliki źródłowe\literals\predefined_user_defined_literals</Filter>
    </ClCompile>
    <ClCompile Include="literal_operator_template.cpp">
      <Filter>Pliki źródłowe\literals\user_defined_literals</Filter>
    </ClCompile>
    <ClCompile Include="alternative_lexemes.cpp">
      <Filter>Pliki źródłowe\operators\alternative_lexemes</Filter>
    </ClCompile>
    <ClCompile Include="pointer_to_member_functions.cpp">
      <Filter>Pliki źródłowe\operators\poiter_to_member</Filter>
    </ClCompile>
    <ClCompile Include="pointer_to_member_variables.cpp">
      <Filter>Pliki źródłowe\operators\poiter_to_member</Filter>
    </ClCompile>
  </ItemGroup>
  <ItemGroup>
    <Text Include="container_types.txt">
      <Filter>Pliki źródłowe\containers</Filter>
    </Text>
    <Text Include="qualifiers.txt">
      <Filter>Pliki źródłowe\qualifiers_specifiers_identifiers_attributes\qualifiers</Filter>
    </Text>
    <Text Include="specifiers.txt">
      <Filter>Pliki źródłowe\qualifiers_specifiers_identifiers_attributes\specifiers</Filter>
    </Text>
    <Text Include="attributes.txt">
      <Filter>Pliki źródłowe\qualifiers_specifiers_identifiers_attributes\attributes</Filter>
    </Text>
  </ItemGroup>
</Project>