<?xml version="1.0" encoding="utf-8"?>
<Project ToolsVersion="4.0" xmlns="http://schemas.microsoft.com/developer/msbuild/2003">
  <ItemGroup>
    <Filter Include="Pliki źródłowe">
      <UniqueIdentifier>{4FC737F1-C7A5-4376-A066-2A32D752A2FF}</UniqueIdentifier>
      <Extensions>cpp;c;cc;cxx;def;odl;idl;hpj;bat;asm;asmx</Extensions>
    </Filter>
    <Filter Include="Pliki nagłówkowe">
      <UniqueIdentifier>{93995380-89BD-4b04-88EB-625FBE52EBFB}</UniqueIdentifier>
      <Extensions>h;hh;hpp;hxx;hm;inl;inc;ipp;xsd</Extensions>
    </Filter>
    <Filter Include="Pliki zasobów">
      <UniqueIdentifier>{67DA6AB6-F800-4c08-8B7A-83BB121AAD01}</UniqueIdentifier>
      <Extensions>rc;ico;cur;bmp;dlg;rc2;rct;bin;rgs;gif;jpg;jpeg;jpe;resx;tiff;tif;png;wav;mfcribbon-ms</Extensions>
    </Filter>
    <Filter Include="Pliki źródłowe\namespace">
      <UniqueIdentifier>{1c4fd58a-56dd-41ea-9eae-3df1a2a06295}</UniqueIdentifier>
    </Filter>
    <Filter Include="Pliki źródłowe\data_types">
      <UniqueIdentifier>{db568d1e-cb1c-499a-be60-9aa73a88acdb}</UniqueIdentifier>
    </Filter>
    <Filter Include="Pliki źródłowe\initialization">
      <UniqueIdentifier>{024f1d3a-e19e-45b0-8b0f-f1c5e50be035}</UniqueIdentifier>
    </Filter>
    <Filter Include="Pliki źródłowe\main">
      <UniqueIdentifier>{f797ecb4-9c0c-4cce-8bc5-d1186eec23b9}</UniqueIdentifier>
    </Filter>
    <Filter Include="Pliki źródłowe\other">
      <UniqueIdentifier>{8883dc32-9b87-41d3-9782-66d2227954eb}</UniqueIdentifier>
    </Filter>
    <Filter Include="Pliki źródłowe\structure_union_enum">
      <UniqueIdentifier>{1811ff08-123a-4112-b2f7-e61b78f01072}</UniqueIdentifier>
    </Filter>
    <Filter Include="Pliki źródłowe\pointers">
      <UniqueIdentifier>{e1bd0d84-0aee-4356-a0b6-4d0f0e3eb3c5}</UniqueIdentifier>
    </Filter>
    <Filter Include="Pliki źródłowe\type_inference">
      <UniqueIdentifier>{56530edd-9e66-4a5b-a810-b51c660eaffb}</UniqueIdentifier>
    </Filter>
    <Filter Include="Pliki źródłowe\vector_array">
      <UniqueIdentifier>{b828e470-2991-4345-a17c-5c6738f15313}</UniqueIdentifier>
    </Filter>
    <Filter Include="Pliki źródłowe\loops">
      <UniqueIdentifier>{0c665e78-8daf-4f72-9749-4806a6fb16a6}</UniqueIdentifier>
    </Filter>
    <Filter Include="Pliki źródłowe\string">
      <UniqueIdentifier>{ed467c39-6a78-4299-b31b-3308ce3fbb29}</UniqueIdentifier>
    </Filter>
    <Filter Include="Pliki źródłowe\operators">
      <UniqueIdentifier>{32d3cdd4-2ed2-4c35-b71b-3c94990d2c1e}</UniqueIdentifier>
    </Filter>
    <Filter Include="Pliki źródłowe\switch">
      <UniqueIdentifier>{b7540fba-3b7c-4c50-84a3-fd0dabda13c2}</UniqueIdentifier>
    </Filter>
    <Filter Include="Pliki źródłowe\input_output">
      <UniqueIdentifier>{cbb2b973-8029-458f-91e8-a766d39b66c5}</UniqueIdentifier>
    </Filter>
    <Filter Include="Pliki źródłowe\input_output\cin">
      <UniqueIdentifier>{3e3eda83-f0b5-4b21-b257-8d18b34fd0aa}</UniqueIdentifier>
    </Filter>
    <Filter Include="Pliki źródłowe\input_output\cout">
      <UniqueIdentifier>{fcfcc78b-484c-4143-b992-3c0c69e2d923}</UniqueIdentifier>
    </Filter>
    <Filter Include="Pliki źródłowe\input_output\ofstream">
      <UniqueIdentifier>{f3e7ba1f-57d1-4f79-a75d-1e6d344ff60f}</UniqueIdentifier>
    </Filter>
    <Filter Include="Pliki źródłowe\input_output\ifstream">
      <UniqueIdentifier>{e1c8e0cd-d532-4c33-a8f1-a222565238e4}</UniqueIdentifier>
    </Filter>
    <Filter Include="Pliki źródłowe\functions">
      <UniqueIdentifier>{ce5d640c-6f98-4e9a-b680-ff0298cdcb1b}</UniqueIdentifier>
    </Filter>
    <Filter Include="Pliki źródłowe\prototypes">
      <UniqueIdentifier>{fe4a8b17-8da9-4e7c-a5e2-c0d074675ad3}</UniqueIdentifier>
    </Filter>
    <Filter Include="Pliki źródłowe\const">
      <UniqueIdentifier>{80551ebe-0fc2-4b8b-b940-b552a4981405}</UniqueIdentifier>
    </Filter>
  </ItemGroup>
  <ItemGroup>
    <ClCompile Include="using_namespace.cpp">
      <Filter>Pliki źródłowe\namespace</Filter>
    </ClCompile>
    <ClCompile Include="no_using_namespace.cpp">
      <Filter>Pliki źródłowe\namespace</Filter>
    </ClCompile>
    <ClCompile Include="using_declaration.cpp">
      <Filter>Pliki źródłowe\namespace</Filter>
    </ClCompile>
    <ClCompile Include="temp.cpp">
      <Filter>Pliki źródłowe</Filter>
    </ClCompile>
    <ClCompile Include="data_types_sizes.cpp">
      <Filter>Pliki źródłowe\data_types</Filter>
    </ClCompile>
    <ClCompile Include="main_function.cpp">
      <Filter>Pliki źródłowe\main</Filter>
    </ClCompile>
    <ClCompile Include="wmain_function.cpp">
      <Filter>Pliki źródłowe\main</Filter>
    </ClCompile>
    <ClCompile Include="comments.cpp">
      <Filter>Pliki źródłowe\other</Filter>
    </ClCompile>
    <ClCompile Include="enum.cpp">
      <Filter>Pliki źródłowe\structure_union_enum</Filter>
    </ClCompile>
    <ClCompile Include="pointers_char.cpp">
      <Filter>Pliki źródłowe\pointers</Filter>
    </ClCompile>
    <ClCompile Include="auto.cpp">
      <Filter>Pliki źródłowe\type_inference</Filter>
    </ClCompile>
    <ClCompile Include="vector.cpp">
      <Filter>Pliki źródłowe\vector_array</Filter>
    </ClCompile>
    <ClCompile Include="array.cpp">
      <Filter>Pliki źródłowe\vector_array</Filter>
    </ClCompile>
    <ClCompile Include="initialization_variable.cpp">
      <Filter>Pliki źródłowe\initialization</Filter>
    </ClCompile>
    <ClCompile Include="initialization_structure.cpp">
      <Filter>Pliki źródłowe\initialization</Filter>
    </ClCompile>
    <ClCompile Include="structure.cpp">
      <Filter>Pliki źródłowe\structure_union_enum</Filter>
    </ClCompile>
    <ClCompile Include="loop_for.cpp">
      <Filter>Pliki źródłowe\loops</Filter>
    </ClCompile>
    <ClCompile Include="string.cpp">
      <Filter>Pliki źródłowe\string</Filter>
    </ClCompile>
    <ClCompile Include="loop_range_based_for.cpp">
      <Filter>Pliki źródłowe\loops</Filter>
    </ClCompile>
    <ClCompile Include="cin_get.cpp">
      <Filter>Pliki źródłowe\input_output\cin</Filter>
    </ClCompile>
    <ClCompile Include="cin_fail.cpp">
      <Filter>Pliki źródłowe\input_output\cin</Filter>
    </ClCompile>
    <ClCompile Include="loop_while.cpp">
      <Filter>Pliki źródłowe\loops</Filter>
    </ClCompile>
    <ClCompile Include="loop_do_while.cpp">
      <Filter>Pliki źródłowe\loops</Filter>
    </ClCompile>
    <ClCompile Include="alternative_operator_names.cpp">
      <Filter>Pliki źródłowe\operators</Filter>
    </ClCompile>
    <ClCompile Include="switch.cpp">
      <Filter>Pliki źródłowe\switch</Filter>
    </ClCompile>
    <ClCompile Include="cin_clear.cpp">
      <Filter>Pliki źródłowe\input_output\cin</Filter>
    </ClCompile>
    <ClCompile Include="cin.cpp">
      <Filter>Pliki źródłowe\input_output\cin</Filter>
    </ClCompile>
    <ClCompile Include="cout_manipulators.cpp">
      <Filter>Pliki źródłowe\input_output\cout</Filter>
    </ClCompile>
    <ClCompile Include="ofstream.cpp">
      <Filter>Pliki źródłowe\input_output\ofstream</Filter>
    </ClCompile>
    <ClCompile Include="ifstream.cpp">
      <Filter>Pliki źródłowe\input_output\ifstream</Filter>
    </ClCompile>
    <ClCompile Include="ifstream_is_open.cpp">
      <Filter>Pliki źródłowe\input_output\ifstream</Filter>
    </ClCompile>
    <ClCompile Include="conditional_operator.cpp">
      <Filter>Pliki źródłowe\operators</Filter>
    </ClCompile>
    <ClCompile Include="cast_function_type.cpp">
      <Filter>Pliki źródłowe\functions</Filter>
    </ClCompile>
    <ClCompile Include="prototypes.cpp">
      <Filter>Pliki źródłowe\prototypes</Filter>
    </ClCompile>
    <ClCompile Include="template.cpp">
      <Filter>Pliki źródłowe</Filter>
    </ClCompile>
    <ClCompile Include="const.cpp">
      <Filter>Pliki źródłowe\const</Filter>
    </ClCompile>
    <ClCompile Include="const_value_pointer.cpp">
      <Filter>Pliki źródłowe\const</Filter>
    </ClCompile>
    <ClCompile Include="array_table.cpp">
      <Filter>Pliki źródłowe\vector_array</Filter>
    </ClCompile>
    <ClCompile Include="recursive_main.cpp">
      <Filter>Pliki źródłowe\other</Filter>
    </ClCompile>
  </ItemGroup>
</Project>