<?xml version="1.0" encoding="utf-8"?>
<Project ToolsVersion="4.0" xmlns="http://schemas.microsoft.com/developer/msbuild/2003">
  <ItemGroup>
    <Filter Include="Pliki źródłowe">
      <UniqueIdentifier>{4FC737F1-C7A5-4376-A066-2A32D752A2FF}</UniqueIdentifier>
      <Extensions>cpp;c;cc;cxx;def;odl;idl;hpj;bat;asm;asmx</Extensions>
    </Filter>
    <Filter Include="Pliki nagłówkowe">
      <UniqueIdentifier>{93995380-89BD-4b04-88EB-625FBE52EBFB}</UniqueIdentifier>
      <Extensions>h;hh;hpp;hxx;hm;inl;inc;ipp;xsd</Extensions>
    </Filter>
    <Filter Include="Pliki zasobów">
      <UniqueIdentifier>{67DA6AB6-F800-4c08-8B7A-83BB121AAD01}</UniqueIdentifier>
      <Extensions>rc;ico;cur;bmp;dlg;rc2;rct;bin;rgs;gif;jpg;jpeg;jpe;resx;tiff;tif;png;wav;mfcribbon-ms</Extensions>
    </Filter>
    <Filter Include="Pliki źródłowe\namespace">
      <UniqueIdentifier>{1c4fd58a-56dd-41ea-9eae-3df1a2a06295}</UniqueIdentifier>
    </Filter>
    <Filter Include="Pliki źródłowe\data_types">
      <UniqueIdentifier>{db568d1e-cb1c-499a-be60-9aa73a88acdb}</UniqueIdentifier>
    </Filter>
    <Filter Include="Pliki źródłowe\cout_cin">
      <UniqueIdentifier>{cbb2b973-8029-458f-91e8-a766d39b66c5}</UniqueIdentifier>
    </Filter>
    <Filter Include="Pliki źródłowe\initialization">
      <UniqueIdentifier>{024f1d3a-e19e-45b0-8b0f-f1c5e50be035}</UniqueIdentifier>
    </Filter>
    <Filter Include="Pliki źródłowe\main">
      <UniqueIdentifier>{f797ecb4-9c0c-4cce-8bc5-d1186eec23b9}</UniqueIdentifier>
    </Filter>
  </ItemGroup>
  <ItemGroup>
    <ClCompile Include="using_namespace.cpp">
      <Filter>Pliki źródłowe\namespace</Filter>
    </ClCompile>
    <ClCompile Include="no_using_namespace.cpp">
      <Filter>Pliki źródłowe\namespace</Filter>
    </ClCompile>
    <ClCompile Include="using_declaration.cpp">
      <Filter>Pliki źródłowe\namespace</Filter>
    </ClCompile>
    <ClCompile Include="temp.cpp">
      <Filter>Pliki źródłowe</Filter>
    </ClCompile>
    <ClCompile Include="data_types_sizes.cpp">
      <Filter>Pliki źródłowe\data_types</Filter>
    </ClCompile>
    <ClCompile Include="manipulators.cpp">
      <Filter>Pliki źródłowe\cout_cin</Filter>
    </ClCompile>
    <ClCompile Include="number_initialization.cpp">
      <Filter>Pliki źródłowe\initialization</Filter>
    </ClCompile>
    <ClCompile Include="main_function.cpp">
      <Filter>Pliki źródłowe\main</Filter>
    </ClCompile>
    <ClCompile Include="wmain_function.cpp">
      <Filter>Pliki źródłowe\main</Filter>
    </ClCompile>
  </ItemGroup>
</Project>